
Microsoft Visual Studio Solution File, Format Version 12.00
# Visual Studio Version 17
VisualStudioVersion = 17.5.002.0
MinimumVisualStudioVersion = 10.0.40219.1
Project("{9A19103F-16F7-4668-BE54-9A1E7A4F7556}") = "Formacion.CSharp.ConsoleApp1", "Formacion.CSharp.ConsoleApp1\Formacion.CSharp.ConsoleApp1.csproj", "{BAAD114A-243C-4459-B441-72CD68426F05}"
EndProject
Project("{9A19103F-16F7-4668-BE54-9A1E7A4F7556}") = "Formacion.CSharp.ConsoleApp2", "Formacion.CSharp.ConsoleApp2\Formacion.CSharp.ConsoleApp2.csproj", "{4F6FB316-AC87-4CC4-B821-039BE9249A2D}"
EndProject
Project("{9A19103F-16F7-4668-BE54-9A1E7A4F7556}") = "Formacion.CSharp.Ejercicios.ConsoleApp1", "Formacion.CSharp.Ejercicios.ConsoleApp1\Formacion.CSharp.Ejercicios.ConsoleApp1.csproj", "{1D2A3DA5-9E4A-46FB-B1AE-20C15BC95D4A}"
EndProject
Project("{9A19103F-16F7-4668-BE54-9A1E7A4F7556}") = "Formacion.CSharp.ConsoleApp3", "Formacion.CSharp.ConsoleApp3\Formacion.CSharp.ConsoleApp3.csproj", "{49866B8E-184B-41C2-A3EA-29A3A55A81E8}"
EndProject
Project("{9A19103F-16F7-4668-BE54-9A1E7A4F7556}") = "Formacion.CSharp.ConsoleApp4", "Formacion.CSharp.ConsoleApp4\Formacion.CSharp.ConsoleApp4.csproj", "{1066E169-F223-42EA-92A9-F19C0BD3F91F}"
EndProject
Project("{FAE04EC0-301F-11D3-BF4B-00C04F79EFBC}") = "Formacion.CSharp.ConsoleAppEF", "Formacion.CSharp.ConsoleAppEF\Formacion.CSharp.ConsoleAppEF.csproj", "{5141146B-3D68-4B65-9E2D-7C7F27415395}"
EndProject
Global
	GlobalSection(SolutionConfigurationPlatforms) = preSolution
		Debug|Any CPU = Debug|Any CPU
		Release|Any CPU = Release|Any CPU
	EndGlobalSection
	GlobalSection(ProjectConfigurationPlatforms) = postSolution
		{BAAD114A-243C-4459-B441-72CD68426F05}.Debug|Any CPU.ActiveCfg = Debug|Any CPU
		{BAAD114A-243C-4459-B441-72CD68426F05}.Debug|Any CPU.Build.0 = Debug|Any CPU
		{BAAD114A-243C-4459-B441-72CD68426F05}.Release|Any CPU.ActiveCfg = Release|Any CPU
		{BAAD114A-243C-4459-B441-72CD68426F05}.Release|Any CPU.Build.0 = Release|Any CPU
		{4F6FB316-AC87-4CC4-B821-039BE9249A2D}.Debug|Any CPU.ActiveCfg = Debug|Any CPU
		{4F6FB316-AC87-4CC4-B821-039BE9249A2D}.Debug|Any CPU.Build.0 = Debug|Any CPU
		{4F6FB316-AC87-4CC4-B821-039BE9249A2D}.Release|Any CPU.ActiveCfg = Release|Any CPU
		{4F6FB316-AC87-4CC4-B821-039BE9249A2D}.Release|Any CPU.Build.0 = Release|Any CPU
		{1D2A3DA5-9E4A-46FB-B1AE-20C15BC95D4A}.Debug|Any CPU.ActiveCfg = Debug|Any CPU
		{1D2A3DA5-9E4A-46FB-B1AE-20C15BC95D4A}.Debug|Any CPU.Build.0 = Debug|Any CPU
		{1D2A3DA5-9E4A-46FB-B1AE-20C15BC95D4A}.Release|Any CPU.ActiveCfg = Release|Any CPU
		{1D2A3DA5-9E4A-46FB-B1AE-20C15BC95D4A}.Release|Any CPU.Build.0 = Release|Any CPU
		{49866B8E-184B-41C2-A3EA-29A3A55A81E8}.Debug|Any CPU.ActiveCfg = Debug|Any CPU
		{49866B8E-184B-41C2-A3EA-29A3A55A81E8}.Debug|Any CPU.Build.0 = Debug|Any CPU
		{49866B8E-184B-41C2-A3EA-29A3A55A81E8}.Release|Any CPU.ActiveCfg = Release|Any CPU
		{49866B8E-184B-41C2-A3EA-29A3A55A81E8}.Release|Any CPU.Build.0 = Release|Any CPU
		{1066E169-F223-42EA-92A9-F19C0BD3F91F}.Debug|Any CPU.ActiveCfg = Debug|Any CPU
		{1066E169-F223-42EA-92A9-F19C0BD3F91F}.Debug|Any CPU.Build.0 = Debug|Any CPU
		{1066E169-F223-42EA-92A9-F19C0BD3F91F}.Release|Any CPU.ActiveCfg = Release|Any CPU
		{1066E169-F223-42EA-92A9-F19C0BD3F91F}.Release|Any CPU.Build.0 = Release|Any CPU
		{5141146B-3D68-4B65-9E2D-7C7F27415395}.Debug|Any CPU.ActiveCfg = Debug|Any CPU
		{5141146B-3D68-4B65-9E2D-7C7F27415395}.Debug|Any CPU.Build.0 = Debug|Any CPU
		{5141146B-3D68-4B65-9E2D-7C7F27415395}.Release|Any CPU.ActiveCfg = Release|Any CPU
		{5141146B-3D68-4B65-9E2D-7C7F27415395}.Release|Any CPU.Build.0 = Release|Any CPU
	EndGlobalSection
	GlobalSection(SolutionProperties) = preSolution
		HideSolutionNode = FALSE
	EndGlobalSection
	GlobalSection(ExtensibilityGlobals) = postSolution
		SolutionGuid = {2F306860-B958-4C15-877C-C40031CA3C9D}
	EndGlobalSection
EndGlobal
